{
    "requires": true,
    "lockfileVersion": 1,
    "dependencies": {
        "codyhouse-framework": {
            "version": "2.7.3",
            "resolved": "https://registry.npmjs.org/codyhouse-framework/-/codyhouse-framework-2.7.3.tgz",
            "integrity": "sha512-ATooEpyshMWWgqViHbyw1Qp3gsGbVHnOdyUAqRY8k7ibjEp/MulI+T3zwJ3JEVkRqwTWb54h+2xIPCVOXmXQAw=="
        }
    }
}
